
Microsoft Visual Studio Solution File, Format Version 12.00
# Visual Studio Version 17
VisualStudioVersion = 17.0.31903.59
MinimumVisualStudioVersion = 10.0.40219.1
Project("{FAE04EC0-301F-11D3-BF4B-00C04F79EFBC}") = "Todo.Domain", "Todo.Domain\Todo.Domain.csproj", "{BF87F5AD-284E-4D2B-A7A7-E397D78E3452}"
EndProject
Project("{FAE04EC0-301F-11D3-BF4B-00C04F79EFBC}") = "Todo.Application", "Todo.Application\Todo.Application.csproj", "{33D2C7FE-2588-416E-8BF7-C8EF707D0070}"
EndProject
Project("{FAE04EC0-301F-11D3-BF4B-00C04F79EFBC}") = "Todo.Infrastructure", "Todo.Infrastructure\Todo.Infrastructure.csproj", "{26BBCDD8-F9BC-4F48-A9C8-6F7C5350D391}"
EndProject
Project("{FAE04EC0-301F-11D3-BF4B-00C04F79EFBC}") = "Todo.API", "Todo.API\Todo.API.csproj", "{E3033F11-81ED-4380-A423-D366B94D6297}"
EndProject
Project("{FAE04EC0-301F-11D3-BF4B-00C04F79EFBC}") = "Todo.Web", "Todo.Web\Todo.Web.csproj", "{CC44953E-0A1F-4799-B96D-13E7A82AFD4C}"
EndProject
Project("{FAE04EC0-301F-11D3-BF4B-00C04F79EFBC}") = "Todo.Tests", "Todo.Tests\Todo.Tests.csproj", "{A90CA4F1-BF0C-4D22-A066-4C018BC5D9E2}"
EndProject
Global
	GlobalSection(SolutionConfigurationPlatforms) = preSolution
		Debug|Any CPU = Debug|Any CPU
		Debug|x64 = Debug|x64
		Debug|x86 = Debug|x86
		Release|Any CPU = Release|Any CPU
		Release|x64 = Release|x64
		Release|x86 = Release|x86
	EndGlobalSection
	GlobalSection(ProjectConfigurationPlatforms) = postSolution
		{BF87F5AD-284E-4D2B-A7A7-E397D78E3452}.Debug|Any CPU.ActiveCfg = Debug|Any CPU
		{BF87F5AD-284E-4D2B-A7A7-E397D78E3452}.Debug|Any CPU.Build.0 = Debug|Any CPU
		{BF87F5AD-284E-4D2B-A7A7-E397D78E3452}.Debug|x64.ActiveCfg = Debug|Any CPU
		{BF87F5AD-284E-4D2B-A7A7-E397D78E3452}.Debug|x64.Build.0 = Debug|Any CPU
		{BF87F5AD-284E-4D2B-A7A7-E397D78E3452}.Debug|x86.ActiveCfg = Debug|Any CPU
		{BF87F5AD-284E-4D2B-A7A7-E397D78E3452}.Debug|x86.Build.0 = Debug|Any CPU
		{BF87F5AD-284E-4D2B-A7A7-E397D78E3452}.Release|Any CPU.ActiveCfg = Release|Any CPU
		{BF87F5AD-284E-4D2B-A7A7-E397D78E3452}.Release|Any CPU.Build.0 = Release|Any CPU
		{BF87F5AD-284E-4D2B-A7A7-E397D78E3452}.Release|x64.ActiveCfg = Release|Any CPU
		{BF87F5AD-284E-4D2B-A7A7-E397D78E3452}.Release|x64.Build.0 = Release|Any CPU
		{BF87F5AD-284E-4D2B-A7A7-E397D78E3452}.Release|x86.ActiveCfg = Release|Any CPU
		{BF87F5AD-284E-4D2B-A7A7-E397D78E3452}.Release|x86.Build.0 = Release|Any CPU
		{33D2C7FE-2588-416E-8BF7-C8EF707D0070}.Debug|Any CPU.ActiveCfg = Debug|Any CPU
		{33D2C7FE-2588-416E-8BF7-C8EF707D0070}.Debug|Any CPU.Build.0 = Debug|Any CPU
		{33D2C7FE-2588-416E-8BF7-C8EF707D0070}.Debug|x64.ActiveCfg = Debug|Any CPU
		{33D2C7FE-2588-416E-8BF7-C8EF707D0070}.Debug|x64.Build.0 = Debug|Any CPU
		{33D2C7FE-2588-416E-8BF7-C8EF707D0070}.Debug|x86.ActiveCfg = Debug|Any CPU
		{33D2C7FE-2588-416E-8BF7-C8EF707D0070}.Debug|x86.Build.0 = Debug|Any CPU
		{33D2C7FE-2588-416E-8BF7-C8EF707D0070}.Release|Any CPU.ActiveCfg = Release|Any CPU
		{33D2C7FE-2588-416E-8BF7-C8EF707D0070}.Release|Any CPU.Build.0 = Release|Any CPU
		{33D2C7FE-2588-416E-8BF7-C8EF707D0070}.Release|x64.ActiveCfg = Release|Any CPU
		{33D2C7FE-2588-416E-8BF7-C8EF707D0070}.Release|x64.Build.0 = Release|Any CPU
		{33D2C7FE-2588-416E-8BF7-C8EF707D0070}.Release|x86.ActiveCfg = Release|Any CPU
		{33D2C7FE-2588-416E-8BF7-C8EF707D0070}.Release|x86.Build.0 = Release|Any CPU
		{26BBCDD8-F9BC-4F48-A9C8-6F7C5350D391}.Debug|Any CPU.ActiveCfg = Debug|Any CPU
		{26BBCDD8-F9BC-4F48-A9C8-6F7C5350D391}.Debug|Any CPU.Build.0 = Debug|Any CPU
		{26BBCDD8-F9BC-4F48-A9C8-6F7C5350D391}.Debug|x64.ActiveCfg = Debug|Any CPU
		{26BBCDD8-F9BC-4F48-A9C8-6F7C5350D391}.Debug|x64.Build.0 = Debug|Any CPU
		{26BBCDD8-F9BC-4F48-A9C8-6F7C5350D391}.Debug|x86.ActiveCfg = Debug|Any CPU
		{26BBCDD8-F9BC-4F48-A9C8-6F7C5350D391}.Debug|x86.Build.0 = Debug|Any CPU
		{26BBCDD8-F9BC-4F48-A9C8-6F7C5350D391}.Release|Any CPU.ActiveCfg = Release|Any CPU
		{26BBCDD8-F9BC-4F48-A9C8-6F7C5350D391}.Release|Any CPU.Build.0 = Release|Any CPU
		{26BBCDD8-F9BC-4F48-A9C8-6F7C5350D391}.Release|x64.ActiveCfg = Release|Any CPU
		{26BBCDD8-F9BC-4F48-A9C8-6F7C5350D391}.Release|x64.Build.0 = Release|Any CPU
		{26BBCDD8-F9BC-4F48-A9C8-6F7C5350D391}.Release|x86.ActiveCfg = Release|Any CPU
		{26BBCDD8-F9BC-4F48-A9C8-6F7C5350D391}.Release|x86.Build.0 = Release|Any CPU
		{E3033F11-81ED-4380-A423-D366B94D6297}.Debug|Any CPU.ActiveCfg = Debug|Any CPU
		{E3033F11-81ED-4380-A423-D366B94D6297}.Debug|Any CPU.Build.0 = Debug|Any CPU
		{E3033F11-81ED-4380-A423-D366B94D6297}.Debug|x64.ActiveCfg = Debug|Any CPU
		{E3033F11-81ED-4380-A423-D366B94D6297}.Debug|x64.Build.0 = Debug|Any CPU
		{E3033F11-81ED-4380-A423-D366B94D6297}.Debug|x86.ActiveCfg = Debug|Any CPU
		{E3033F11-81ED-4380-A423-D366B94D6297}.Debug|x86.Build.0 = Debug|Any CPU
		{E3033F11-81ED-4380-A423-D366B94D6297}.Release|Any CPU.ActiveCfg = Release|Any CPU
		{E3033F11-81ED-4380-A423-D366B94D6297}.Release|Any CPU.Build.0 = Release|Any CPU
		{E3033F11-81ED-4380-A423-D366B94D6297}.Release|x64.ActiveCfg = Release|Any CPU
		{E3033F11-81ED-4380-A423-D366B94D6297}.Release|x64.Build.0 = Release|Any CPU
		{E3033F11-81ED-4380-A423-D366B94D6297}.Release|x86.ActiveCfg = Release|Any CPU
		{E3033F11-81ED-4380-A423-D366B94D6297}.Release|x86.Build.0 = Release|Any CPU
		{CC44953E-0A1F-4799-B96D-13E7A82AFD4C}.Debug|Any CPU.ActiveCfg = Debug|Any CPU
		{CC44953E-0A1F-4799-B96D-13E7A82AFD4C}.Debug|Any CPU.Build.0 = Debug|Any CPU
		{CC44953E-0A1F-4799-B96D-13E7A82AFD4C}.Debug|x64.ActiveCfg = Debug|Any CPU
		{CC44953E-0A1F-4799-B96D-13E7A82AFD4C}.Debug|x64.Build.0 = Debug|Any CPU
		{CC44953E-0A1F-4799-B96D-13E7A82AFD4C}.Debug|x86.ActiveCfg = Debug|Any CPU
		{CC44953E-0A1F-4799-B96D-13E7A82AFD4C}.Debug|x86.Build.0 = Debug|Any CPU
		{CC44953E-0A1F-4799-B96D-13E7A82AFD4C}.Release|Any CPU.ActiveCfg = Release|Any CPU
		{CC44953E-0A1F-4799-B96D-13E7A82AFD4C}.Release|Any CPU.Build.0 = Release|Any CPU
		{CC44953E-0A1F-4799-B96D-13E7A82AFD4C}.Release|x64.ActiveCfg = Release|Any CPU
		{CC44953E-0A1F-4799-B96D-13E7A82AFD4C}.Release|x64.Build.0 = Release|Any CPU
		{CC44953E-0A1F-4799-B96D-13E7A82AFD4C}.Release|x86.ActiveCfg = Release|Any CPU
		{CC44953E-0A1F-4799-B96D-13E7A82AFD4C}.Release|x86.Build.0 = Release|Any CPU
		{A90CA4F1-BF0C-4D22-A066-4C018BC5D9E2}.Debug|Any CPU.ActiveCfg = Debug|Any CPU
		{A90CA4F1-BF0C-4D22-A066-4C018BC5D9E2}.Debug|Any CPU.Build.0 = Debug|Any CPU
		{A90CA4F1-BF0C-4D22-A066-4C018BC5D9E2}.Debug|x64.ActiveCfg = Debug|Any CPU
		{A90CA4F1-BF0C-4D22-A066-4C018BC5D9E2}.Debug|x64.Build.0 = Debug|Any CPU
		{A90CA4F1-BF0C-4D22-A066-4C018BC5D9E2}.Debug|x86.ActiveCfg = Debug|Any CPU
		{A90CA4F1-BF0C-4D22-A066-4C018BC5D9E2}.Debug|x86.Build.0 = Debug|Any CPU
		{A90CA4F1-BF0C-4D22-A066-4C018BC5D9E2}.Release|Any CPU.ActiveCfg = Release|Any CPU
		{A90CA4F1-BF0C-4D22-A066-4C018BC5D9E2}.Release|Any CPU.Build.0 = Release|Any CPU
		{A90CA4F1-BF0C-4D22-A066-4C018BC5D9E2}.Release|x64.ActiveCfg = Release|Any CPU
		{A90CA4F1-BF0C-4D22-A066-4C018BC5D9E2}.Release|x64.Build.0 = Release|Any CPU
		{A90CA4F1-BF0C-4D22-A066-4C018BC5D9E2}.Release|x86.ActiveCfg = Release|Any CPU
		{A90CA4F1-BF0C-4D22-A066-4C018BC5D9E2}.Release|x86.Build.0 = Release|Any CPU
	EndGlobalSection
	GlobalSection(SolutionProperties) = preSolution
		HideSolutionNode = FALSE
	EndGlobalSection
EndGlobal
